
Microsoft Visual Studio Solution File, Format Version 12.00
# Visual Studio Version 16
VisualStudioVersion = 16.0.28902.138
MinimumVisualStudioVersion = 10.0.40219.1
Project("{2150E333-8FDC-42A3-9474-1A3956D46DE8}") = "Web", "Web", "{007EB128-E265-40C9-847E-A45F2E0469DC}"
EndProject
Project("{2150E333-8FDC-42A3-9474-1A3956D46DE8}") = "Common", "Common", "{67CD8E5F-7947-45D9-BC1A-151895DABCA7}"
EndProject
Project("{2150E333-8FDC-42A3-9474-1A3956D46DE8}") = "Areas", "Areas", "{FA489F8A-EFAC-4F6F-AE3C-DA74EAB5934A}"
EndProject
Project("{2150E333-8FDC-42A3-9474-1A3956D46DE8}") = "Todo", "Todo", "{CA15B358-69F2-466C-BC84-11990568B6EF}"
EndProject
Project("{9A19103F-16F7-4668-BE54-9A1E7A4F7556}") = "Cln.Application.Todo", "Cln.Application.Todo\Cln.Application.Todo.csproj", "{71B81EB6-FC8D-447D-87F4-DA3850CDA0C1}"
EndProject
Project("{9A19103F-16F7-4668-BE54-9A1E7A4F7556}") = "Cln.Infrastructure.Todo", "Cln.Infrastructure.Todo\Cln.Infrastructure.Todo.csproj", "{D92887AE-5FF7-4E5A-87CA-17DA91E8E122}"
EndProject
Project("{9A19103F-16F7-4668-BE54-9A1E7A4F7556}") = "Cln.Application", "Cln.Application\Cln.Application.csproj", "{D39C9A31-916D-474C-A705-3BEA75E80122}"
EndProject
Project("{9A19103F-16F7-4668-BE54-9A1E7A4F7556}") = "Cln.Infrastructure", "Cln.Infrastructure\Cln.Infrastructure.csproj", "{58DF39BB-8038-4081-9E12-8A3A94E2D2A9}"
EndProject
Project("{9A19103F-16F7-4668-BE54-9A1E7A4F7556}") = "Cln.Common", "Cln.Common\Cln.Common.csproj", "{2824D299-0944-455F-ADA9-233FA77DBFE8}"
EndProject
Project("{2150E333-8FDC-42A3-9474-1A3956D46DE8}") = "Tests", "Tests", "{94DA91E3-AD8F-48B3-A453-AF59C4856C5A}"
EndProject
Project("{9A19103F-16F7-4668-BE54-9A1E7A4F7556}") = "Cln.Infrastructure.Todo.Tests", "Cln.Infrastructure.Todo.Tests\Cln.Infrastructure.Todo.Tests.csproj", "{9766B254-7CB1-49E8-9CB4-C862F3B607D7}"
EndProject
Project("{9A19103F-16F7-4668-BE54-9A1E7A4F7556}") = "Cln.Applilcation.Todo.UnitTests", "Cln.Applilcation.Todo.UnitTests\Cln.Applilcation.Todo.UnitTests.csproj", "{E31755AE-96B0-46F5-B13D-B2936E96CFF2}"
EndProject
Project("{9A19103F-16F7-4668-BE54-9A1E7A4F7556}") = "Cln.Web", "Cln.Web\Cln.Web.csproj", "{4FD23937-03A2-42FD-8AE9-73252B065817}"
EndProject
Project("{2150E333-8FDC-42A3-9474-1A3956D46DE8}") = "Projects", "Projects", "{D98A01FB-8CE4-461A-952C-E565068E1846}"
EndProject
Project("{9A19103F-16F7-4668-BE54-9A1E7A4F7556}") = "Cln.Entities", "Cln.Entities\Cln.Entities.csproj", "{1AB89468-26E1-4F98-A786-3669A44FD3B6}"
EndProject
Project("{9A19103F-16F7-4668-BE54-9A1E7A4F7556}") = "Cln.Entities.Todo", "Cln.Entities.Todo\Cln.Entities.Todo.csproj", "{CBA4BF9E-5E77-4CE6-87A3-ED7E52CEAEF6}"
EndProject
Project("{9A19103F-16F7-4668-BE54-9A1E7A4F7556}") = "Cln.Controllers.Todo", "Cln.Controllers.Todo\Cln.Controllers.Todo.csproj", "{6A8E448C-E91F-41F3-AED8-ED2BCBA29053}"
EndProject
Project("{9A19103F-16F7-4668-BE54-9A1E7A4F7556}") = "Cln.Web.Host", "Cln.Web.Host\Cln.Web.Host.csproj", "{62CB6730-AAD4-434D-9575-A539A7150D83}"
EndProject
Global
	GlobalSection(SolutionConfigurationPlatforms) = preSolution
		Debug|Any CPU = Debug|Any CPU
		Release|Any CPU = Release|Any CPU
	EndGlobalSection
	GlobalSection(ProjectConfigurationPlatforms) = postSolution
		{71B81EB6-FC8D-447D-87F4-DA3850CDA0C1}.Debug|Any CPU.ActiveCfg = Debug|Any CPU
		{71B81EB6-FC8D-447D-87F4-DA3850CDA0C1}.Debug|Any CPU.Build.0 = Debug|Any CPU
		{71B81EB6-FC8D-447D-87F4-DA3850CDA0C1}.Release|Any CPU.ActiveCfg = Release|Any CPU
		{71B81EB6-FC8D-447D-87F4-DA3850CDA0C1}.Release|Any CPU.Build.0 = Release|Any CPU
		{D92887AE-5FF7-4E5A-87CA-17DA91E8E122}.Debug|Any CPU.ActiveCfg = Debug|Any CPU
		{D92887AE-5FF7-4E5A-87CA-17DA91E8E122}.Debug|Any CPU.Build.0 = Debug|Any CPU
		{D92887AE-5FF7-4E5A-87CA-17DA91E8E122}.Release|Any CPU.ActiveCfg = Release|Any CPU
		{D92887AE-5FF7-4E5A-87CA-17DA91E8E122}.Release|Any CPU.Build.0 = Release|Any CPU
		{D39C9A31-916D-474C-A705-3BEA75E80122}.Debug|Any CPU.ActiveCfg = Debug|Any CPU
		{D39C9A31-916D-474C-A705-3BEA75E80122}.Debug|Any CPU.Build.0 = Debug|Any CPU
		{D39C9A31-916D-474C-A705-3BEA75E80122}.Release|Any CPU.ActiveCfg = Release|Any CPU
		{D39C9A31-916D-474C-A705-3BEA75E80122}.Release|Any CPU.Build.0 = Release|Any CPU
		{58DF39BB-8038-4081-9E12-8A3A94E2D2A9}.Debug|Any CPU.ActiveCfg = Debug|Any CPU
		{58DF39BB-8038-4081-9E12-8A3A94E2D2A9}.Debug|Any CPU.Build.0 = Debug|Any CPU
		{58DF39BB-8038-4081-9E12-8A3A94E2D2A9}.Release|Any CPU.ActiveCfg = Release|Any CPU
		{58DF39BB-8038-4081-9E12-8A3A94E2D2A9}.Release|Any CPU.Build.0 = Release|Any CPU
		{2824D299-0944-455F-ADA9-233FA77DBFE8}.Debug|Any CPU.ActiveCfg = Debug|Any CPU
		{2824D299-0944-455F-ADA9-233FA77DBFE8}.Debug|Any CPU.Build.0 = Debug|Any CPU
		{2824D299-0944-455F-ADA9-233FA77DBFE8}.Release|Any CPU.ActiveCfg = Release|Any CPU
		{2824D299-0944-455F-ADA9-233FA77DBFE8}.Release|Any CPU.Build.0 = Release|Any CPU
		{9766B254-7CB1-49E8-9CB4-C862F3B607D7}.Debug|Any CPU.ActiveCfg = Debug|Any CPU
		{9766B254-7CB1-49E8-9CB4-C862F3B607D7}.Debug|Any CPU.Build.0 = Debug|Any CPU
		{9766B254-7CB1-49E8-9CB4-C862F3B607D7}.Release|Any CPU.ActiveCfg = Release|Any CPU
		{9766B254-7CB1-49E8-9CB4-C862F3B607D7}.Release|Any CPU.Build.0 = Release|Any CPU
		{E31755AE-96B0-46F5-B13D-B2936E96CFF2}.Debug|Any CPU.ActiveCfg = Debug|Any CPU
		{E31755AE-96B0-46F5-B13D-B2936E96CFF2}.Debug|Any CPU.Build.0 = Debug|Any CPU
		{E31755AE-96B0-46F5-B13D-B2936E96CFF2}.Release|Any CPU.ActiveCfg = Release|Any CPU
		{E31755AE-96B0-46F5-B13D-B2936E96CFF2}.Release|Any CPU.Build.0 = Release|Any CPU
		{4FD23937-03A2-42FD-8AE9-73252B065817}.Debug|Any CPU.ActiveCfg = Debug|Any CPU
		{4FD23937-03A2-42FD-8AE9-73252B065817}.Debug|Any CPU.Build.0 = Debug|Any CPU
		{4FD23937-03A2-42FD-8AE9-73252B065817}.Release|Any CPU.ActiveCfg = Release|Any CPU
		{4FD23937-03A2-42FD-8AE9-73252B065817}.Release|Any CPU.Build.0 = Release|Any CPU
		{1AB89468-26E1-4F98-A786-3669A44FD3B6}.Debug|Any CPU.ActiveCfg = Debug|Any CPU
		{1AB89468-26E1-4F98-A786-3669A44FD3B6}.Debug|Any CPU.Build.0 = Debug|Any CPU
		{1AB89468-26E1-4F98-A786-3669A44FD3B6}.Release|Any CPU.ActiveCfg = Release|Any CPU
		{1AB89468-26E1-4F98-A786-3669A44FD3B6}.Release|Any CPU.Build.0 = Release|Any CPU
		{CBA4BF9E-5E77-4CE6-87A3-ED7E52CEAEF6}.Debug|Any CPU.ActiveCfg = Debug|Any CPU
		{CBA4BF9E-5E77-4CE6-87A3-ED7E52CEAEF6}.Debug|Any CPU.Build.0 = Debug|Any CPU
		{CBA4BF9E-5E77-4CE6-87A3-ED7E52CEAEF6}.Release|Any CPU.ActiveCfg = Release|Any CPU
		{CBA4BF9E-5E77-4CE6-87A3-ED7E52CEAEF6}.Release|Any CPU.Build.0 = Release|Any CPU
		{6A8E448C-E91F-41F3-AED8-ED2BCBA29053}.Debug|Any CPU.ActiveCfg = Debug|Any CPU
		{6A8E448C-E91F-41F3-AED8-ED2BCBA29053}.Debug|Any CPU.Build.0 = Debug|Any CPU
		{6A8E448C-E91F-41F3-AED8-ED2BCBA29053}.Release|Any CPU.ActiveCfg = Release|Any CPU
		{6A8E448C-E91F-41F3-AED8-ED2BCBA29053}.Release|Any CPU.Build.0 = Release|Any CPU
		{62CB6730-AAD4-434D-9575-A539A7150D83}.Debug|Any CPU.ActiveCfg = Debug|Any CPU
		{62CB6730-AAD4-434D-9575-A539A7150D83}.Debug|Any CPU.Build.0 = Debug|Any CPU
		{62CB6730-AAD4-434D-9575-A539A7150D83}.Release|Any CPU.ActiveCfg = Release|Any CPU
		{62CB6730-AAD4-434D-9575-A539A7150D83}.Release|Any CPU.Build.0 = Release|Any CPU
	EndGlobalSection
	GlobalSection(SolutionProperties) = preSolution
		HideSolutionNode = FALSE
	EndGlobalSection
	GlobalSection(NestedProjects) = preSolution
		{007EB128-E265-40C9-847E-A45F2E0469DC} = {D98A01FB-8CE4-461A-952C-E565068E1846}
		{67CD8E5F-7947-45D9-BC1A-151895DABCA7} = {D98A01FB-8CE4-461A-952C-E565068E1846}
		{FA489F8A-EFAC-4F6F-AE3C-DA74EAB5934A} = {D98A01FB-8CE4-461A-952C-E565068E1846}
		{CA15B358-69F2-466C-BC84-11990568B6EF} = {FA489F8A-EFAC-4F6F-AE3C-DA74EAB5934A}
		{71B81EB6-FC8D-447D-87F4-DA3850CDA0C1} = {CA15B358-69F2-466C-BC84-11990568B6EF}
		{D92887AE-5FF7-4E5A-87CA-17DA91E8E122} = {CA15B358-69F2-466C-BC84-11990568B6EF}
		{D39C9A31-916D-474C-A705-3BEA75E80122} = {67CD8E5F-7947-45D9-BC1A-151895DABCA7}
		{58DF39BB-8038-4081-9E12-8A3A94E2D2A9} = {67CD8E5F-7947-45D9-BC1A-151895DABCA7}
		{2824D299-0944-455F-ADA9-233FA77DBFE8} = {67CD8E5F-7947-45D9-BC1A-151895DABCA7}
		{94DA91E3-AD8F-48B3-A453-AF59C4856C5A} = {CA15B358-69F2-466C-BC84-11990568B6EF}
		{9766B254-7CB1-49E8-9CB4-C862F3B607D7} = {94DA91E3-AD8F-48B3-A453-AF59C4856C5A}
		{E31755AE-96B0-46F5-B13D-B2936E96CFF2} = {94DA91E3-AD8F-48B3-A453-AF59C4856C5A}
		{4FD23937-03A2-42FD-8AE9-73252B065817} = {007EB128-E265-40C9-847E-A45F2E0469DC}
		{1AB89468-26E1-4F98-A786-3669A44FD3B6} = {67CD8E5F-7947-45D9-BC1A-151895DABCA7}
		{CBA4BF9E-5E77-4CE6-87A3-ED7E52CEAEF6} = {CA15B358-69F2-466C-BC84-11990568B6EF}
		{6A8E448C-E91F-41F3-AED8-ED2BCBA29053} = {CA15B358-69F2-466C-BC84-11990568B6EF}
		{62CB6730-AAD4-434D-9575-A539A7150D83} = {007EB128-E265-40C9-847E-A45F2E0469DC}
	EndGlobalSection
	GlobalSection(ExtensibilityGlobals) = postSolution
		SolutionGuid = {A0E5C425-95F0-4A27-864F-3083D7875878}
	EndGlobalSection
EndGlobal
